
Microsoft Visual Studio Solution File, Format Version 12.00
# Visual Studio Version 16
VisualStudioVersion = 16.0.31727.386
MinimumVisualStudioVersion = 10.0.40219.1
Project("{9A19103F-16F7-4668-BE54-9A1E7A4F7556}") = "Targil0", "Targil0\Targil0.csproj", "{E6218381-6071-4F05-A030-F2D596DE7A40}"
EndProject
Project("{2150E333-8FDC-42A3-9474-1A3956D46DE8}") = "Solution Items", "Solution Items", "{1379323A-4F39-4CA1-88B8-F4D8D7C419B9}"
	ProjectSection(SolutionItems) = preProject
		README.md = README.md
	EndProjectSection
EndProject
Project("{9A19103F-16F7-4668-BE54-9A1E7A4F7556}") = "ConsoleUI", "ConsoleUI\ConsoleUI.csproj", "{2E23891A-4FE8-4786-95D5-844409E7EC90}"
EndProject
Project("{9A19103F-16F7-4668-BE54-9A1E7A4F7556}") = "DAL", "DAL\DAL.csproj", "{198F0D52-1426-43D7-B0DB-FD8F286DD82E}"
EndProject
Project("{9A19103F-16F7-4668-BE54-9A1E7A4F7556}") = "BL", "BL\BL.csproj", "{5015D204-EF7D-4C67-AF71-6F911DA65118}"
EndProject
Project("{9A19103F-16F7-4668-BE54-9A1E7A4F7556}") = "ConsoleUI_BL", "ConsoleUI_BL\ConsoleUI_BL.csproj", "{A264FC5E-5850-4102-8B38-BA9C0709EBC2}"
EndProject
Project("{FAE04EC0-301F-11D3-BF4B-00C04F79EFBC}") = "PL", "PL\PL.csproj", "{76439F43-9841-4701-B9FC-B27275FA11E0}"
	ProjectSection(ProjectDependencies) = postProject
		{5015D204-EF7D-4C67-AF71-6F911DA65118} = {5015D204-EF7D-4C67-AF71-6F911DA65118}
	EndProjectSection
EndProject
Global
	GlobalSection(SolutionConfigurationPlatforms) = preSolution
		Debug|Any CPU = Debug|Any CPU
		Release|Any CPU = Release|Any CPU
	EndGlobalSection
	GlobalSection(ProjectConfigurationPlatforms) = postSolution
		{E6218381-6071-4F05-A030-F2D596DE7A40}.Debug|Any CPU.ActiveCfg = Debug|Any CPU
		{E6218381-6071-4F05-A030-F2D596DE7A40}.Debug|Any CPU.Build.0 = Debug|Any CPU
		{E6218381-6071-4F05-A030-F2D596DE7A40}.Release|Any CPU.ActiveCfg = Release|Any CPU
		{E6218381-6071-4F05-A030-F2D596DE7A40}.Release|Any CPU.Build.0 = Release|Any CPU
		{2E23891A-4FE8-4786-95D5-844409E7EC90}.Debug|Any CPU.ActiveCfg = Debug|Any CPU
		{2E23891A-4FE8-4786-95D5-844409E7EC90}.Debug|Any CPU.Build.0 = Debug|Any CPU
		{2E23891A-4FE8-4786-95D5-844409E7EC90}.Release|Any CPU.ActiveCfg = Release|Any CPU
		{2E23891A-4FE8-4786-95D5-844409E7EC90}.Release|Any CPU.Build.0 = Release|Any CPU
		{198F0D52-1426-43D7-B0DB-FD8F286DD82E}.Debug|Any CPU.ActiveCfg = Debug|Any CPU
		{198F0D52-1426-43D7-B0DB-FD8F286DD82E}.Debug|Any CPU.Build.0 = Debug|Any CPU
		{198F0D52-1426-43D7-B0DB-FD8F286DD82E}.Release|Any CPU.ActiveCfg = Release|Any CPU
		{198F0D52-1426-43D7-B0DB-FD8F286DD82E}.Release|Any CPU.Build.0 = Release|Any CPU
		{5015D204-EF7D-4C67-AF71-6F911DA65118}.Debug|Any CPU.ActiveCfg = Debug|Any CPU
		{5015D204-EF7D-4C67-AF71-6F911DA65118}.Debug|Any CPU.Build.0 = Debug|Any CPU
		{5015D204-EF7D-4C67-AF71-6F911DA65118}.Release|Any CPU.ActiveCfg = Release|Any CPU
		{5015D204-EF7D-4C67-AF71-6F911DA65118}.Release|Any CPU.Build.0 = Release|Any CPU
		{A264FC5E-5850-4102-8B38-BA9C0709EBC2}.Debug|Any CPU.ActiveCfg = Debug|Any CPU
		{A264FC5E-5850-4102-8B38-BA9C0709EBC2}.Debug|Any CPU.Build.0 = Debug|Any CPU
		{A264FC5E-5850-4102-8B38-BA9C0709EBC2}.Release|Any CPU.ActiveCfg = Release|Any CPU
		{A264FC5E-5850-4102-8B38-BA9C0709EBC2}.Release|Any CPU.Build.0 = Release|Any CPU
		{76439F43-9841-4701-B9FC-B27275FA11E0}.Debug|Any CPU.ActiveCfg = Debug|Any CPU
		{76439F43-9841-4701-B9FC-B27275FA11E0}.Debug|Any CPU.Build.0 = Debug|Any CPU
		{76439F43-9841-4701-B9FC-B27275FA11E0}.Release|Any CPU.ActiveCfg = Release|Any CPU
		{76439F43-9841-4701-B9FC-B27275FA11E0}.Release|Any CPU.Build.0 = Release|Any CPU
	EndGlobalSection
	GlobalSection(SolutionProperties) = preSolution
		HideSolutionNode = FALSE
	EndGlobalSection
	GlobalSection(ExtensibilityGlobals) = postSolution
		SolutionGuid = {E21D8768-0A00-4F6A-AF88-9B1323B06C5A}
	EndGlobalSection
EndGlobal
